
Microsoft Visual Studio Solution File, Format Version 12.00
# Visual Studio 15
VisualStudioVersion = 15.0.26403.7
MinimumVisualStudioVersion = 10.0.40219.1
Project("{FAE04EC0-301F-11D3-BF4B-00C04F79EFBC}") = "InsuranceAppi", "InsuranceAppi\InsuranceAppi.csproj", "{8634D512-D726-49B5-986C-51D8E49CACE9}"
EndProject
Project("{FAE04EC0-301F-11D3-BF4B-00C04F79EFBC}") = "InsuranceViewModel", "InsuranceViewModel\InsuranceViewModel.csproj", "{A7D418BF-59BA-4551-A35C-0B8289430DC7}"
EndProject
Project("{FAE04EC0-301F-11D3-BF4B-00C04F79EFBC}") = "InsuranceView", "InsuranceView\InsuranceView.csproj", "{A9649A3A-A392-4B73-B4B2-F4B6629A6929}"
EndProject
Project("{FAE04EC0-301F-11D3-BF4B-00C04F79EFBC}") = "InsuranceUnitTest", "InsuranceUnitTest\InsuranceUnitTest.csproj", "{C9574CF9-9A45-4E58-8458-01CD76C389BB}"
EndProject
Global
	GlobalSection(SolutionConfigurationPlatforms) = preSolution
		Debug|Any CPU = Debug|Any CPU
		Release|Any CPU = Release|Any CPU
	EndGlobalSection
	GlobalSection(ProjectConfigurationPlatforms) = postSolution
		{8634D512-D726-49B5-986C-51D8E49CACE9}.Debug|Any CPU.ActiveCfg = Debug|Any CPU
		{8634D512-D726-49B5-986C-51D8E49CACE9}.Debug|Any CPU.Build.0 = Debug|Any CPU
		{8634D512-D726-49B5-986C-51D8E49CACE9}.Release|Any CPU.ActiveCfg = Release|Any CPU
		{8634D512-D726-49B5-986C-51D8E49CACE9}.Release|Any CPU.Build.0 = Release|Any CPU
		{A7D418BF-59BA-4551-A35C-0B8289430DC7}.Debug|Any CPU.ActiveCfg = Debug|Any CPU
		{A7D418BF-59BA-4551-A35C-0B8289430DC7}.Debug|Any CPU.Build.0 = Debug|Any CPU
		{A7D418BF-59BA-4551-A35C-0B8289430DC7}.Release|Any CPU.ActiveCfg = Release|Any CPU
		{A7D418BF-59BA-4551-A35C-0B8289430DC7}.Release|Any CPU.Build.0 = Release|Any CPU
		{A9649A3A-A392-4B73-B4B2-F4B6629A6929}.Debug|Any CPU.ActiveCfg = Debug|Any CPU
		{A9649A3A-A392-4B73-B4B2-F4B6629A6929}.Debug|Any CPU.Build.0 = Debug|Any CPU
		{A9649A3A-A392-4B73-B4B2-F4B6629A6929}.Release|Any CPU.ActiveCfg = Release|Any CPU
		{A9649A3A-A392-4B73-B4B2-F4B6629A6929}.Release|Any CPU.Build.0 = Release|Any CPU
		{C9574CF9-9A45-4E58-8458-01CD76C389BB}.Debug|Any CPU.ActiveCfg = Debug|Any CPU
		{C9574CF9-9A45-4E58-8458-01CD76C389BB}.Debug|Any CPU.Build.0 = Debug|Any CPU
		{C9574CF9-9A45-4E58-8458-01CD76C389BB}.Release|Any CPU.ActiveCfg = Release|Any CPU
		{C9574CF9-9A45-4E58-8458-01CD76C389BB}.Release|Any CPU.Build.0 = Release|Any CPU
	EndGlobalSection
	GlobalSection(SolutionProperties) = preSolution
		HideSolutionNode = FALSE
	EndGlobalSection
EndGlobal
